
Microsoft Visual Studio Solution File, Format Version 12.00
# Visual Studio Version 17
VisualStudioVersion = 17.8.34511.84
MinimumVisualStudioVersion = 10.0.40219.1
Project("{FAE04EC0-301F-11D3-BF4B-00C04F79EFBC}") = "Demo", "Demo.csproj", "{E6304077-BEFC-4564-8C8E-B79E25ECD8CA}"
EndProject
Global
	GlobalSection(SolutionConfigurationPlatforms) = preSolution
		Debug|Any CPU = Debug|Any CPU
		Release|Any CPU = Release|Any CPU
	EndGlobalSection
	GlobalSection(ProjectConfigurationPlatforms) = postSolution
		{E6304077-BEFC-4564-8C8E-B79E25ECD8CA}.Debug|Any CPU.ActiveCfg = Debug|Any CPU
		{E6304077-BEFC-4564-8C8E-B79E25ECD8CA}.Debug|Any CPU.Build.0 = Debug|Any CPU
		{E6304077-BEFC-4564-8C8E-B79E25ECD8CA}.Release|Any CPU.ActiveCfg = Release|Any CPU
		{E6304077-BEFC-4564-8C8E-B79E25ECD8CA}.Release|Any CPU.Build.0 = Release|Any CPU
	EndGlobalSection
	GlobalSection(SolutionProperties) = preSolution
		HideSolutionNode = FALSE
	EndGlobalSection
	GlobalSection(ExtensibilityGlobals) = postSolution
		SolutionGuid = {583DF4E2-ABF0-4E43-B4F5-079BC46829BD}
	EndGlobalSection
EndGlobal
