
Microsoft Visual Studio Solution File, Format Version 12.00
# Visual Studio Version 17
VisualStudioVersion = 17.8.34511.84
MinimumVisualStudioVersion = 10.0.40219.1
Project("{FAE04EC0-301F-11D3-BF4B-00C04F79EFBC}") = "Demo", "Demo.csproj", "{D413D15E-8992-4659-A9A6-27F2E867A5D1}"
EndProject
Global
	GlobalSection(SolutionConfigurationPlatforms) = preSolution
		Debug|Any CPU = Debug|Any CPU
		Release|Any CPU = Release|Any CPU
	EndGlobalSection
	GlobalSection(ProjectConfigurationPlatforms) = postSolution
		{D413D15E-8992-4659-A9A6-27F2E867A5D1}.Debug|Any CPU.ActiveCfg = Debug|Any CPU
		{D413D15E-8992-4659-A9A6-27F2E867A5D1}.Debug|Any CPU.Build.0 = Debug|Any CPU
		{D413D15E-8992-4659-A9A6-27F2E867A5D1}.Release|Any CPU.ActiveCfg = Release|Any CPU
		{D413D15E-8992-4659-A9A6-27F2E867A5D1}.Release|Any CPU.Build.0 = Release|Any CPU
	EndGlobalSection
	GlobalSection(SolutionProperties) = preSolution
		HideSolutionNode = FALSE
	EndGlobalSection
	GlobalSection(ExtensibilityGlobals) = postSolution
		SolutionGuid = {6335307A-209C-4815-AEEB-2102A76AB222}
	EndGlobalSection
EndGlobal
